
Microsoft Visual Studio Solution File, Format Version 12.00
# Visual Studio 2012
Project("{FAE04EC0-301F-11D3-BF4B-00C04F79EFBC}") = "NativeWebSockets_Client", "NativeWebSockets_Client\NativeWebSockets_Client.csproj", "{0CFC4C72-B0F1-4DD8-AFFF-3263084EC67A}"
EndProject
Global
	GlobalSection(SolutionConfigurationPlatforms) = preSolution
		Debug|Any CPU = Debug|Any CPU
		Release|Any CPU = Release|Any CPU
	EndGlobalSection
	GlobalSection(ProjectConfigurationPlatforms) = postSolution
		{0CFC4C72-B0F1-4DD8-AFFF-3263084EC67A}.Debug|Any CPU.ActiveCfg = Debug|Any CPU
		{0CFC4C72-B0F1-4DD8-AFFF-3263084EC67A}.Debug|Any CPU.Build.0 = Debug|Any CPU
		{0CFC4C72-B0F1-4DD8-AFFF-3263084EC67A}.Release|Any CPU.ActiveCfg = Release|Any CPU
		{0CFC4C72-B0F1-4DD8-AFFF-3263084EC67A}.Release|Any CPU.Build.0 = Release|Any CPU
	EndGlobalSection
	GlobalSection(SolutionProperties) = preSolution
		HideSolutionNode = FALSE
	EndGlobalSection
EndGlobal
